// !$*UTF8*$!
{
	archiveVersion = 1;
	classes = {
	};
	objectVersion = 46;
	objects = {

/* Begin PBXBuildFile section */
		DE3D6E631679CA1C00F5BFA8 /* UIKit.framework in Frameworks */ = {isa = PBXBuildFile; fileRef = DE3D6E621679CA1C00F5BFA8 /* UIKit.framework */; };
		DE3D6E651679CA1C00F5BFA8 /* Foundation.framework in Frameworks */ = {isa = PBXBuildFile; fileRef = DE3D6E641679CA1C00F5BFA8 /* Foundation.framework */; };
		DE3D6E671679CA1C00F5BFA8 /* CoreGraphics.framework in Frameworks */ = {isa = PBXBuildFile; fileRef = DE3D6E661679CA1C00F5BFA8 /* CoreGraphics.framework */; };
		DE3D6E6D1679CA1C00F5BFA8 /* InfoPlist.strings in Resources */ = {isa = PBXBuildFile; fileRef = DE3D6E6B1679CA1C00F5BFA8 /* InfoPlist.strings */; };
		DE3D6E6F1679CA1C00F5BFA8 /* main.m in Sources */ = {isa = PBXBuildFile; fileRef = DE3D6E6E1679CA1C00F5BFA8 /* main.m */; };
		DE3D6E731679CA1C00F5BFA8 /* Set_AppDelegate.m in Sources */ = {isa = PBXBuildFile; fileRef = DE3D6E721679CA1C00F5BFA8 /* Set_AppDelegate.m */; };
		DE3D6E751679CA1D00F5BFA8 /* Default.png in Resources */ = {isa = PBXBuildFile; fileRef = DE3D6E741679CA1C00F5BFA8 /* Default.png */; };
		DE3D6E771679CA1D00F5BFA8 /* Default@2x.png in Resources */ = {isa = PBXBuildFile; fileRef = DE3D6E761679CA1D00F5BFA8 /* Default@2x.png */; };
		DE3D6E791679CA1D00F5BFA8 /* Default-568h@2x.png in Resources */ = {isa = PBXBuildFile; fileRef = DE3D6E781679CA1D00F5BFA8 /* Default-568h@2x.png */; };
		DE3D6E7C1679CA1D00F5BFA8 /* MainStoryboard_iPhone.storyboard in Resources */ = {isa = PBXBuildFile; fileRef = DE3D6E7A1679CA1D00F5BFA8 /* MainStoryboard_iPhone.storyboard */; };
		DE3D6E7F1679CA1D00F5BFA8 /* MainStoryboard_iPad.storyboard in Resources */ = {isa = PBXBuildFile; fileRef = DE3D6E7D1679CA1D00F5BFA8 /* MainStoryboard_iPad.storyboard */; };
		DE3D6E821679CA1D00F5BFA8 /* Set_ViewController.m in Sources */ = {isa = PBXBuildFile; fileRef = DE3D6E811679CA1D00F5BFA8 /* Set_ViewController.m */; };
		DE3D6E8A1679CA1D00F5BFA8 /* SenTestingKit.framework in Frameworks */ = {isa = PBXBuildFile; fileRef = DE3D6E891679CA1D00F5BFA8 /* SenTestingKit.framework */; };
		DE3D6E8B1679CA1D00F5BFA8 /* UIKit.framework in Frameworks */ = {isa = PBXBuildFile; fileRef = DE3D6E621679CA1C00F5BFA8 /* UIKit.framework */; };
		DE3D6E8C1679CA1D00F5BFA8 /* Foundation.framework in Frameworks */ = {isa = PBXBuildFile; fileRef = DE3D6E641679CA1C00F5BFA8 /* Foundation.framework */; };
		DE3D6E941679CA1D00F5BFA8 /* InfoPlist.strings in Resources */ = {isa = PBXBuildFile; fileRef = DE3D6E921679CA1D00F5BFA8 /* InfoPlist.strings */; };
		DE3D6E971679CA1D00F5BFA8 /* SensorManagerTests.m in Sources */ = {isa = PBXBuildFile; fileRef = DE3D6E961679CA1D00F5BFA8 /* SensorManagerTests.m */; };
		DE3D6EA21679CA7200F5BFA8 /* SoundPicker.m in Sources */ = {isa = PBXBuildFile; fileRef = DE3D6EA11679CA7200F5BFA8 /* SoundPicker.m */; };
		DE3D6EA41679D06600F5BFA8 /* AudioToolbox.framework in Frameworks */ = {isa = PBXBuildFile; fileRef = DE3D6EA31679D06600F5BFA8 /* AudioToolbox.framework */; };
		DE3D6EA81679E6DC00F5BFA8 /* AccelSensorViewController.m in Sources */ = {isa = PBXBuildFile; fileRef = DE3D6EA71679E6DC00F5BFA8 /* AccelSensorViewController.m */; };
		DE3D6EAA1679E8E600F5BFA8 /* CoreMotion.framework in Frameworks */ = {isa = PBXBuildFile; fileRef = DE3D6EA91679E8E600F5BFA8 /* CoreMotion.framework */; };
		DE3D6EAD1679EC6100F5BFA8 /* SharedCMManager.m in Sources */ = {isa = PBXBuildFile; fileRef = DE3D6EAC1679EC6100F5BFA8 /* SharedCMManager.m */; };
		DE7673A3167C81680067835D /* AccelSensorViewController.m in Sources */ = {isa = PBXBuildFile; fileRef = DE76738F167C81680067835D /* AccelSensorViewController.m */; };
		DE7673A4167C81680067835D /* Default-568h@2x.png in Resources */ = {isa = PBXBuildFile; fileRef = DE767390167C81680067835D /* Default-568h@2x.png */; };
		DE7673A5167C81680067835D /* Default.png in Resources */ = {isa = PBXBuildFile; fileRef = DE767391167C81680067835D /* Default.png */; };
		DE7673A6167C81680067835D /* Default@2x.png in Resources */ = {isa = PBXBuildFile; fileRef = DE767392167C81680067835D /* Default@2x.png */; };
		DE7673A7167C81680067835D /* InfoPlist.strings in Resources */ = {isa = PBXBuildFile; fileRef = DE767393167C81680067835D /* InfoPlist.strings */; };
		DE7673A8167C81680067835D /* MainStoryboard_iPad.storyboard in Resources */ = {isa = PBXBuildFile; fileRef = DE767395167C81680067835D /* MainStoryboard_iPad.storyboard */; };
		DE7673A9167C81680067835D /* MainStoryboard_iPhone.storyboard in Resources */ = {isa = PBXBuildFile; fileRef = DE767397167C81680067835D /* MainStoryboard_iPhone.storyboard */; };
		DE7673AA167C81680067835D /* main.m in Sources */ = {isa = PBXBuildFile; fileRef = DE767399167C81680067835D /* main.m */; };
		DE7673AB167C81680067835D /* SensorManager-Info.plist in Resources */ = {isa = PBXBuildFile; fileRef = DE76739A167C81680067835D /* SensorManager-Info.plist */; };
		DE7673AC167C81680067835D /* Set_AppDelegate.m in Sources */ = {isa = PBXBuildFile; fileRef = DE76739D167C81680067835D /* Set_AppDelegate.m */; };
		DE7673AD167C81680067835D /* Set_ViewController.m in Sources */ = {isa = PBXBuildFile; fileRef = DE7673A0167C81680067835D /* Set_ViewController.m */; };
		DE7673AE167C81680067835D /* SharedCMManager.m in Sources */ = {isa = PBXBuildFile; fileRef = DE7673A2167C81680067835D /* SharedCMManager.m */; };
		DE7673C8167C82EB0067835D /* AccelSensorViewController.m in Sources */ = {isa = PBXBuildFile; fileRef = DE7673B0167C82EB0067835D /* AccelSensorViewController.m */; };
		DE7673C9167C82EB0067835D /* Default-568h@2x.png in Resources */ = {isa = PBXBuildFile; fileRef = DE7673B1167C82EB0067835D /* Default-568h@2x.png */; };
		DE7673CA167C82EB0067835D /* Default.png in Resources */ = {isa = PBXBuildFile; fileRef = DE7673B2167C82EB0067835D /* Default.png */; };
		DE7673CB167C82EB0067835D /* Default@2x.png in Resources */ = {isa = PBXBuildFile; fileRef = DE7673B3167C82EB0067835D /* Default@2x.png */; };
		DE7673CC167C82EB0067835D /* Empty.xib in Resources */ = {isa = PBXBuildFile; fileRef = DE7673B4167C82EB0067835D /* Empty.xib */; };
		DE7673CD167C82EB0067835D /* InfoPlist.strings in Resources */ = {isa = PBXBuildFile; fileRef = DE7673B5167C82EB0067835D /* InfoPlist.strings */; };
		DE7673CE167C82EB0067835D /* main.m in Sources */ = {isa = PBXBuildFile; fileRef = DE7673B6167C82EB0067835D /* main.m */; };
		DE7673CF167C82EB0067835D /* MainStoryboard_iPad.storyboard in Resources */ = {isa = PBXBuildFile; fileRef = DE7673B7167C82EB0067835D /* MainStoryboard_iPad.storyboard */; };
		DE7673D0167C82EB0067835D /* MainStoryboard_iPhone.storyboard in Resources */ = {isa = PBXBuildFile; fileRef = DE7673B8167C82EB0067835D /* MainStoryboard_iPhone.storyboard */; };
		DE7673D1167C82EB0067835D /* SensorManager-Info.plist in Resources */ = {isa = PBXBuildFile; fileRef = DE7673B9167C82EB0067835D /* SensorManager-Info.plist */; };
		DE7673D2167C82EB0067835D /* Set_AppDelegate.m in Sources */ = {isa = PBXBuildFile; fileRef = DE7673BC167C82EB0067835D /* Set_AppDelegate.m */; };
		DE7673D3167C82EB0067835D /* Set_ViewController.m in Sources */ = {isa = PBXBuildFile; fileRef = DE7673BF167C82EB0067835D /* Set_ViewController.m */; };
		DE7673D4167C82EB0067835D /* SharedCMManager.m in Sources */ = {isa = PBXBuildFile; fileRef = DE7673C2167C82EB0067835D /* SharedCMManager.m */; };
		DE7673D5167C82EB0067835D /* SoundPickerView.xib in Resources */ = {isa = PBXBuildFile; fileRef = DE7673C3167C82EB0067835D /* SoundPickerView.xib */; };
		DE7673D6167C82EB0067835D /* SoundPickerViewController.xib in Resources */ = {isa = PBXBuildFile; fileRef = DE7673C4167C82EB0067835D /* SoundPickerViewController.xib */; };
		DE7673D7167C82EB0067835D /* Storyboard.storyboard in Resources */ = {isa = PBXBuildFile; fileRef = DE7673C5167C82EB0067835D /* Storyboard.storyboard */; };
		DE7673D8167C82EB0067835D /* UnitConverterViewController.m in Sources */ = {isa = PBXBuildFile; fileRef = DE7673C7167C82EB0067835D /* UnitConverterViewController.m */; };
/* End PBXBuildFile section */

/* Begin PBXContainerItemProxy section */
		DE3D6E8D1679CA1D00F5BFA8 /* PBXContainerItemProxy */ = {
			isa = PBXContainerItemProxy;
			containerPortal = DE3D6E551679CA1C00F5BFA8 /* Project object */;
			proxyType = 1;
			remoteGlobalIDString = DE3D6E5D1679CA1C00F5BFA8;
			remoteInfo = SensorManager;
		};
/* End PBXContainerItemProxy section */

/* Begin PBXFileReference section */
		DE3D6E5E1679CA1C00F5BFA8 /* SensorManager.app */ = {isa = PBXFileReference; explicitFileType = wrapper.application; includeInIndex = 0; path = SensorManager.app; sourceTree = BUILT_PRODUCTS_DIR; };
		DE3D6E621679CA1C00F5BFA8 /* UIKit.framework */ = {isa = PBXFileReference; lastKnownFileType = wrapper.framework; name = UIKit.framework; path = System/Library/Frameworks/UIKit.framework; sourceTree = SDKROOT; };
		DE3D6E641679CA1C00F5BFA8 /* Foundation.framework */ = {isa = PBXFileReference; lastKnownFileType = wrapper.framework; name = Foundation.framework; path = System/Library/Frameworks/Foundation.framework; sourceTree = SDKROOT; };
		DE3D6E661679CA1C00F5BFA8 /* CoreGraphics.framework */ = {isa = PBXFileReference; lastKnownFileType = wrapper.framework; name = CoreGraphics.framework; path = System/Library/Frameworks/CoreGraphics.framework; sourceTree = SDKROOT; };
		DE3D6E6A1679CA1C00F5BFA8 /* SensorManager-Info.plist */ = {isa = PBXFileReference; lastKnownFileType = text.plist.xml; path = "SensorManager-Info.plist"; sourceTree = "<group>"; };
		DE3D6E6C1679CA1C00F5BFA8 /* en */ = {isa = PBXFileReference; lastKnownFileType = text.plist.strings; name = en; path = en.lproj/InfoPlist.strings; sourceTree = "<group>"; };
		DE3D6E6E1679CA1C00F5BFA8 /* main.m */ = {isa = PBXFileReference; lastKnownFileType = sourcecode.c.objc; path = main.m; sourceTree = "<group>"; };
		DE3D6E701679CA1C00F5BFA8 /* SensorManager-Prefix.pch */ = {isa = PBXFileReference; lastKnownFileType = sourcecode.c.h; path = "SensorManager-Prefix.pch"; sourceTree = "<group>"; };
		DE3D6E711679CA1C00F5BFA8 /* Set_AppDelegate.h */ = {isa = PBXFileReference; lastKnownFileType = sourcecode.c.h; path = Set_AppDelegate.h; sourceTree = "<group>"; };
		DE3D6E721679CA1C00F5BFA8 /* Set_AppDelegate.m */ = {isa = PBXFileReference; lastKnownFileType = sourcecode.c.objc; path = Set_AppDelegate.m; sourceTree = "<group>"; };
		DE3D6E741679CA1C00F5BFA8 /* Default.png */ = {isa = PBXFileReference; lastKnownFileType = image.png; path = Default.png; sourceTree = "<group>"; };
		DE3D6E761679CA1D00F5BFA8 /* Default@2x.png */ = {isa = PBXFileReference; lastKnownFileType = image.png; path = "Default@2x.png"; sourceTree = "<group>"; };
		DE3D6E781679CA1D00F5BFA8 /* Default-568h@2x.png */ = {isa = PBXFileReference; lastKnownFileType = image.png; path = "Default-568h@2x.png"; sourceTree = "<group>"; };
		DE3D6E7B1679CA1D00F5BFA8 /* en */ = {isa = PBXFileReference; lastKnownFileType = file.storyboard; name = en; path = en.lproj/MainStoryboard_iPhone.storyboard; sourceTree = "<group>"; };
		DE3D6E7E1679CA1D00F5BFA8 /* en */ = {isa = PBXFileReference; lastKnownFileType = file.storyboard; name = en; path = en.lproj/MainStoryboard_iPad.storyboard; sourceTree = "<group>"; };
		DE3D6E801679CA1D00F5BFA8 /* Set_ViewController.h */ = {isa = PBXFileReference; lastKnownFileType = sourcecode.c.h; path = Set_ViewController.h; sourceTree = "<group>"; };
		DE3D6E811679CA1D00F5BFA8 /* Set_ViewController.m */ = {isa = PBXFileReference; lastKnownFileType = sourcecode.c.objc; path = Set_ViewController.m; sourceTree = "<group>"; };
		DE3D6E881679CA1D00F5BFA8 /* SensorManagerTests.octest */ = {isa = PBXFileReference; explicitFileType = wrapper.cfbundle; includeInIndex = 0; path = SensorManagerTests.octest; sourceTree = BUILT_PRODUCTS_DIR; };
		DE3D6E891679CA1D00F5BFA8 /* SenTestingKit.framework */ = {isa = PBXFileReference; lastKnownFileType = wrapper.framework; name = SenTestingKit.framework; path = Library/Frameworks/SenTestingKit.framework; sourceTree = DEVELOPER_DIR; };
		DE3D6E911679CA1D00F5BFA8 /* SensorManagerTests-Info.plist */ = {isa = PBXFileReference; lastKnownFileType = text.plist.xml; path = "SensorManagerTests-Info.plist"; sourceTree = "<group>"; };
		DE3D6E931679CA1D00F5BFA8 /* en */ = {isa = PBXFileReference; lastKnownFileType = text.plist.strings; name = en; path = en.lproj/InfoPlist.strings; sourceTree = "<group>"; };
		DE3D6E951679CA1D00F5BFA8 /* SensorManagerTests.h */ = {isa = PBXFileReference; lastKnownFileType = sourcecode.c.h; path = SensorManagerTests.h; sourceTree = "<group>"; };
		DE3D6E961679CA1D00F5BFA8 /* SensorManagerTests.m */ = {isa = PBXFileReference; lastKnownFileType = sourcecode.c.objc; path = SensorManagerTests.m; sourceTree = "<group>"; };
		DE3D6EA01679CA7200F5BFA8 /* SoundPicker.h */ = {isa = PBXFileReference; fileEncoding = 4; lastKnownFileType = sourcecode.c.h; name = SoundPicker.h; path = ../../../HelloWorld2/HelloWorld2/SoundPicker.h; sourceTree = "<group>"; };
		DE3D6EA11679CA7200F5BFA8 /* SoundPicker.m */ = {isa = PBXFileReference; fileEncoding = 4; lastKnownFileType = sourcecode.c.objc; name = SoundPicker.m; path = ../../../HelloWorld2/HelloWorld2/SoundPicker.m; sourceTree = "<group>"; };
		DE3D6EA31679D06600F5BFA8 /* AudioToolbox.framework */ = {isa = PBXFileReference; lastKnownFileType = wrapper.framework; name = AudioToolbox.framework; path = System/Library/Frameworks/AudioToolbox.framework; sourceTree = SDKROOT; };
		DE3D6EA51679D2F300F5BFA8 /* Set_SensorPickersProtocol.h */ = {isa = PBXFileReference; fileEncoding = 4; lastKnownFileType = sourcecode.c.h; path = Set_SensorPickersProtocol.h; sourceTree = "<group>"; };
		DE3D6EA61679E6DC00F5BFA8 /* AccelSensorViewController.h */ = {isa = PBXFileReference; fileEncoding = 4; lastKnownFileType = sourcecode.c.h; path = AccelSensorViewController.h; sourceTree = "<group>"; };
		DE3D6EA71679E6DC00F5BFA8 /* AccelSensorViewController.m */ = {isa = PBXFileReference; fileEncoding = 4; lastKnownFileType = sourcecode.c.objc; path = AccelSensorViewController.m; sourceTree = "<group>"; };
		DE3D6EA91679E8E600F5BFA8 /* CoreMotion.framework */ = {isa = PBXFileReference; lastKnownFileType = wrapper.framework; name = CoreMotion.framework; path = System/Library/Frameworks/CoreMotion.framework; sourceTree = SDKROOT; };
		DE3D6EAB1679EC6100F5BFA8 /* SharedCMManager.h */ = {isa = PBXFileReference; fileEncoding = 4; lastKnownFileType = sourcecode.c.h; path = SharedCMManager.h; sourceTree = "<group>"; };
		DE3D6EAC1679EC6100F5BFA8 /* SharedCMManager.m */ = {isa = PBXFileReference; fileEncoding = 4; lastKnownFileType = sourcecode.c.objc; path = SharedCMManager.m; sourceTree = "<group>"; };
		DE76738E167C81680067835D /* AccelSensorViewController.h */ = {isa = PBXFileReference; fileEncoding = 4; lastKnownFileType = sourcecode.c.h; path = AccelSensorViewController.h; sourceTree = "<group>"; };
		DE76738F167C81680067835D /* AccelSensorViewController.m */ = {isa = PBXFileReference; fileEncoding = 4; lastKnownFileType = sourcecode.c.objc; path = AccelSensorViewController.m; sourceTree = "<group>"; };
		DE767390167C81680067835D /* Default-568h@2x.png */ = {isa = PBXFileReference; lastKnownFileType = image.png; path = "Default-568h@2x.png"; sourceTree = "<group>"; };
		DE767391167C81680067835D /* Default.png */ = {isa = PBXFileReference; lastKnownFileType = image.png; path = Default.png; sourceTree = "<group>"; };
		DE767392167C81680067835D /* Default@2x.png */ = {isa = PBXFileReference; lastKnownFileType = image.png; path = "Default@2x.png"; sourceTree = "<group>"; };
		DE767394167C81680067835D /* en */ = {isa = PBXFileReference; lastKnownFileType = text.plist.strings; name = en; path = en.lproj/InfoPlist.strings; sourceTree = "<group>"; };
		DE767396167C81680067835D /* en */ = {isa = PBXFileReference; lastKnownFileType = file.storyboard; name = en; path = en.lproj/MainStoryboard_iPad.storyboard; sourceTree = "<group>"; };
		DE767398167C81680067835D /* en */ = {isa = PBXFileReference; lastKnownFileType = file.storyboard; name = en; path = en.lproj/MainStoryboard_iPhone.storyboard; sourceTree = "<group>"; };
		DE767399167C81680067835D /* main.m */ = {isa = PBXFileReference; fileEncoding = 4; lastKnownFileType = sourcecode.c.objc; path = main.m; sourceTree = "<group>"; };
		DE76739A167C81680067835D /* SensorManager-Info.plist */ = {isa = PBXFileReference; fileEncoding = 4; lastKnownFileType = text.plist.xml; path = "SensorManager-Info.plist"; sourceTree = "<group>"; };
		DE76739B167C81680067835D /* SensorManager-Prefix.pch */ = {isa = PBXFileReference; fileEncoding = 4; lastKnownFileType = sourcecode.c.h; path = "SensorManager-Prefix.pch"; sourceTree = "<group>"; };
		DE76739C167C81680067835D /* Set_AppDelegate.h */ = {isa = PBXFileReference; fileEncoding = 4; lastKnownFileType = sourcecode.c.h; path = Set_AppDelegate.h; sourceTree = "<group>"; };
		DE76739D167C81680067835D /* Set_AppDelegate.m */ = {isa = PBXFileReference; fileEncoding = 4; lastKnownFileType = sourcecode.c.objc; path = Set_AppDelegate.m; sourceTree = "<group>"; };
		DE76739E167C81680067835D /* Set_SensorPickersProtocol.h */ = {isa = PBXFileReference; fileEncoding = 4; lastKnownFileType = sourcecode.c.h; path = Set_SensorPickersProtocol.h; sourceTree = "<group>"; };
		DE76739F167C81680067835D /* Set_ViewController.h */ = {isa = PBXFileReference; fileEncoding = 4; lastKnownFileType = sourcecode.c.h; path = Set_ViewController.h; sourceTree = "<group>"; };
		DE7673A0167C81680067835D /* Set_ViewController.m */ = {isa = PBXFileReference; fileEncoding = 4; lastKnownFileType = sourcecode.c.objc; path = Set_ViewController.m; sourceTree = "<group>"; };
		DE7673A1167C81680067835D /* SharedCMManager.h */ = {isa = PBXFileReference; fileEncoding = 4; lastKnownFileType = sourcecode.c.h; path = SharedCMManager.h; sourceTree = "<group>"; };
		DE7673A2167C81680067835D /* SharedCMManager.m */ = {isa = PBXFileReference; fileEncoding = 4; lastKnownFileType = sourcecode.c.objc; path = SharedCMManager.m; sourceTree = "<group>"; };
		DE7673AF167C82EB0067835D /* AccelSensorViewController.h */ = {isa = PBXFileReference; fileEncoding = 4; lastKnownFileType = sourcecode.c.h; path = AccelSensorViewController.h; sourceTree = "<group>"; };
		DE7673B0167C82EB0067835D /* AccelSensorViewController.m */ = {isa = PBXFileReference; fileEncoding = 4; lastKnownFileType = sourcecode.c.objc; path = AccelSensorViewController.m; sourceTree = "<group>"; };
		DE7673B1167C82EB0067835D /* Default-568h@2x.png */ = {isa = PBXFileReference; lastKnownFileType = image.png; path = "Default-568h@2x.png"; sourceTree = "<group>"; };
		DE7673B2167C82EB0067835D /* Default.png */ = {isa = PBXFileReference; lastKnownFileType = image.png; path = Default.png; sourceTree = "<group>"; };
		DE7673B3167C82EB0067835D /* Default@2x.png */ = {isa = PBXFileReference; lastKnownFileType = image.png; path = "Default@2x.png"; sourceTree = "<group>"; };
		DE7673B4167C82EB0067835D /* Empty.xib */ = {isa = PBXFileReference; fileEncoding = 4; lastKnownFileType = file.xib; path = Empty.xib; sourceTree = "<group>"; };
		DE7673B5167C82EB0067835D /* InfoPlist.strings */ = {isa = PBXFileReference; fileEncoding = 4; lastKnownFileType = text.plist.strings; path = InfoPlist.strings; sourceTree = "<group>"; };
		DE7673B6167C82EB0067835D /* main.m */ = {isa = PBXFileReference; fileEncoding = 4; lastKnownFileType = sourcecode.c.objc; path = main.m; sourceTree = "<group>"; };
		DE7673B7167C82EB0067835D /* MainStoryboard_iPad.storyboard */ = {isa = PBXFileReference; fileEncoding = 4; lastKnownFileType = file.storyboard; path = MainStoryboard_iPad.storyboard; sourceTree = "<group>"; };
		DE7673B8167C82EB0067835D /* MainStoryboard_iPhone.storyboard */ = {isa = PBXFileReference; fileEncoding = 4; lastKnownFileType = file.storyboard; path = MainStoryboard_iPhone.storyboard; sourceTree = "<group>"; };
		DE7673B9167C82EB0067835D /* SensorManager-Info.plist */ = {isa = PBXFileReference; fileEncoding = 4; lastKnownFileType = text.plist.xml; path = "SensorManager-Info.plist"; sourceTree = "<group>"; };
		DE7673BA167C82EB0067835D /* SensorManager-Prefix.pch */ = {isa = PBXFileReference; fileEncoding = 4; lastKnownFileType = sourcecode.c.h; path = "SensorManager-Prefix.pch"; sourceTree = "<group>"; };
		DE7673BB167C82EB0067835D /* Set_AppDelegate.h */ = {isa = PBXFileReference; fileEncoding = 4; lastKnownFileType = sourcecode.c.h; path = Set_AppDelegate.h; sourceTree = "<group>"; };
		DE7673BC167C82EB0067835D /* Set_AppDelegate.m */ = {isa = PBXFileReference; fileEncoding = 4; lastKnownFileType = sourcecode.c.objc; path = Set_AppDelegate.m; sourceTree = "<group>"; };
		DE7673BD167C82EB0067835D /* Set_SensorPickersProtocol.h */ = {isa = PBXFileReference; fileEncoding = 4; lastKnownFileType = sourcecode.c.h; path = Set_SensorPickersProtocol.h; sourceTree = "<group>"; };
		DE7673BE167C82EB0067835D /* Set_ViewController.h */ = {isa = PBXFileReference; fileEncoding = 4; lastKnownFileType = sourcecode.c.h; path = Set_ViewController.h; sourceTree = "<group>"; };
		DE7673BF167C82EB0067835D /* Set_ViewController.m */ = {isa = PBXFileReference; fileEncoding = 4; lastKnownFileType = sourcecode.c.objc; path = Set_ViewController.m; sourceTree = "<group>"; };
		DE7673C0167C82EB0067835D /* Set.h */ = {isa = PBXFileReference; fileEncoding = 4; lastKnownFileType = sourcecode.c.h; path = Set.h; sourceTree = "<group>"; };
		DE7673C1167C82EB0067835D /* SharedCMManager.h */ = {isa = PBXFileReference; fileEncoding = 4; lastKnownFileType = sourcecode.c.h; path = SharedCMManager.h; sourceTree = "<group>"; };
		DE7673C2167C82EB0067835D /* SharedCMManager.m */ = {isa = PBXFileReference; fileEncoding = 4; lastKnownFileType = sourcecode.c.objc; path = SharedCMManager.m; sourceTree = "<group>"; };
		DE7673C3167C82EB0067835D /* SoundPickerView.xib */ = {isa = PBXFileReference; fileEncoding = 4; lastKnownFileType = file.xib; path = SoundPickerView.xib; sourceTree = "<group>"; };
		DE7673C4167C82EB0067835D /* SoundPickerViewController.xib */ = {isa = PBXFileReference; fileEncoding = 4; lastKnownFileType = file.xib; path = SoundPickerViewController.xib; sourceTree = "<group>"; };
		DE7673C5167C82EB0067835D /* Storyboard.storyboard */ = {isa = PBXFileReference; fileEncoding = 4; lastKnownFileType = file.storyboard; path = Storyboard.storyboard; sourceTree = "<group>"; };
		DE7673C6167C82EB0067835D /* UnitConverterViewController.h */ = {isa = PBXFileReference; fileEncoding = 4; lastKnownFileType = sourcecode.c.h; path = UnitConverterViewController.h; sourceTree = "<group>"; };
		DE7673C7167C82EB0067835D /* UnitConverterViewController.m */ = {isa = PBXFileReference; fileEncoding = 4; lastKnownFileType = sourcecode.c.objc; path = UnitConverterViewController.m; sourceTree = "<group>"; };
/* End PBXFileReference section */

/* Begin PBXFrameworksBuildPhase section */
		DE3D6E5B1679CA1C00F5BFA8 /* Frameworks */ = {
			isa = PBXFrameworksBuildPhase;
			buildActionMask = 2147483647;
			files = (
				DE3D6EAA1679E8E600F5BFA8 /* CoreMotion.framework in Frameworks */,
				DE3D6EA41679D06600F5BFA8 /* AudioToolbox.framework in Frameworks */,
				DE3D6E631679CA1C00F5BFA8 /* UIKit.framework in Frameworks */,
				DE3D6E651679CA1C00F5BFA8 /* Foundation.framework in Frameworks */,
				DE3D6E671679CA1C00F5BFA8 /* CoreGraphics.framework in Frameworks */,
			);
			runOnlyForDeploymentPostprocessing = 0;
		};
		DE3D6E841679CA1D00F5BFA8 /* Frameworks */ = {
			isa = PBXFrameworksBuildPhase;
			buildActionMask = 2147483647;
			files = (
				DE3D6E8A1679CA1D00F5BFA8 /* SenTestingKit.framework in Frameworks */,
				DE3D6E8B1679CA1D00F5BFA8 /* UIKit.framework in Frameworks */,
				DE3D6E8C1679CA1D00F5BFA8 /* Foundation.framework in Frameworks */,
			);
			runOnlyForDeploymentPostprocessing = 0;
		};
/* End PBXFrameworksBuildPhase section */

/* Begin PBXGroup section */
		DE3D6E531679CA1C00F5BFA8 = {
			isa = PBXGroup;
			children = (
				DE3D6E681679CA1C00F5BFA8 /* SensorManager */,
				DE3D6E8F1679CA1D00F5BFA8 /* SensorManagerTests */,
				DE3D6E611679CA1C00F5BFA8 /* Frameworks */,
				DE3D6E5F1679CA1C00F5BFA8 /* Products */,
			);
			sourceTree = "<group>";
		};
		DE3D6E5F1679CA1C00F5BFA8 /* Products */ = {
			isa = PBXGroup;
			children = (
				DE3D6E5E1679CA1C00F5BFA8 /* SensorManager.app */,
				DE3D6E881679CA1D00F5BFA8 /* SensorManagerTests.octest */,
			);
			name = Products;
			sourceTree = "<group>";
		};
		DE3D6E611679CA1C00F5BFA8 /* Frameworks */ = {
			isa = PBXGroup;
			children = (
				DE3D6EA91679E8E600F5BFA8 /* CoreMotion.framework */,
				DE3D6EA31679D06600F5BFA8 /* AudioToolbox.framework */,
				DE3D6E621679CA1C00F5BFA8 /* UIKit.framework */,
				DE3D6E641679CA1C00F5BFA8 /* Foundation.framework */,
				DE3D6E661679CA1C00F5BFA8 /* CoreGraphics.framework */,
				DE3D6E891679CA1D00F5BFA8 /* SenTestingKit.framework */,
			);
			name = Frameworks;
			sourceTree = "<group>";
		};
		DE3D6E681679CA1C00F5BFA8 /* SensorManager */ = {
			isa = PBXGroup;
			children = (
				DE3D6EA01679CA7200F5BFA8 /* SoundPicker.h */,
				DE3D6EA11679CA7200F5BFA8 /* SoundPicker.m */,
				DE76738D167C81680067835D /* SensorManager */,
				DE3D6E711679CA1C00F5BFA8 /* Set_AppDelegate.h */,
				DE3D6E721679CA1C00F5BFA8 /* Set_AppDelegate.m */,
				DE3D6E7A1679CA1D00F5BFA8 /* MainStoryboard_iPhone.storyboard */,
				DE3D6E7D1679CA1D00F5BFA8 /* MainStoryboard_iPad.storyboard */,
				DE3D6E801679CA1D00F5BFA8 /* Set_ViewController.h */,
				DE3D6E811679CA1D00F5BFA8 /* Set_ViewController.m */,
				DE3D6E691679CA1C00F5BFA8 /* Supporting Files */,
				DE3D6EA61679E6DC00F5BFA8 /* AccelSensorViewController.h */,
				DE3D6EA71679E6DC00F5BFA8 /* AccelSensorViewController.m */,
				DE3D6EAB1679EC6100F5BFA8 /* SharedCMManager.h */,
				DE3D6EAC1679EC6100F5BFA8 /* SharedCMManager.m */,
			);
			path = SensorManager;
			sourceTree = "<group>";
		};
		DE3D6E691679CA1C00F5BFA8 /* Supporting Files */ = {
			isa = PBXGroup;
			children = (
				DE9E40381679FCBE00311590 /* PROTOCOLS */,
				DE3D6E6A1679CA1C00F5BFA8 /* SensorManager-Info.plist */,
				DE3D6E6B1679CA1C00F5BFA8 /* InfoPlist.strings */,
				DE3D6E6E1679CA1C00F5BFA8 /* main.m */,
				DE3D6E701679CA1C00F5BFA8 /* SensorManager-Prefix.pch */,
				DE3D6E741679CA1C00F5BFA8 /* Default.png */,
				DE3D6E761679CA1D00F5BFA8 /* Default@2x.png */,
				DE3D6E781679CA1D00F5BFA8 /* Default-568h@2x.png */,
			);
			name = "Supporting Files";
			sourceTree = "<group>";
		};
		DE3D6E8F1679CA1D00F5BFA8 /* SensorManagerTests */ = {
			isa = PBXGroup;
			children = (
				DE3D6E951679CA1D00F5BFA8 /* SensorManagerTests.h */,
				DE3D6E961679CA1D00F5BFA8 /* SensorManagerTests.m */,
				DE3D6E901679CA1D00F5BFA8 /* Supporting Files */,
			);
			path = SensorManagerTests;
			sourceTree = "<group>";
		};
		DE3D6E901679CA1D00F5BFA8 /* Supporting Files */ = {
			isa = PBXGroup;
			children = (
				DE3D6E911679CA1D00F5BFA8 /* SensorManagerTests-Info.plist */,
				DE3D6E921679CA1D00F5BFA8 /* InfoPlist.strings */,
			);
			name = "Supporting Files";
			sourceTree = "<group>";
		};
		DE76738D167C81680067835D /* SensorManager */ = {
			isa = PBXGroup;
			children = (
				DE7673AF167C82EB0067835D /* AccelSensorViewController.h */,
				DE7673B0167C82EB0067835D /* AccelSensorViewController.m */,
				DE7673B1167C82EB0067835D /* Default-568h@2x.png */,
				DE7673B2167C82EB0067835D /* Default.png */,
				DE7673B3167C82EB0067835D /* Default@2x.png */,
				DE7673B4167C82EB0067835D /* Empty.xib */,
				DE7673B5167C82EB0067835D /* InfoPlist.strings */,
				DE7673B6167C82EB0067835D /* main.m */,
				DE7673B7167C82EB0067835D /* MainStoryboard_iPad.storyboard */,
				DE7673B8167C82EB0067835D /* MainStoryboard_iPhone.storyboard */,
				DE7673B9167C82EB0067835D /* SensorManager-Info.plist */,
				DE7673BA167C82EB0067835D /* SensorManager-Prefix.pch */,
				DE7673BB167C82EB0067835D /* Set_AppDelegate.h */,
				DE7673BC167C82EB0067835D /* Set_AppDelegate.m */,
				DE7673BD167C82EB0067835D /* Set_SensorPickersProtocol.h */,
				DE7673BE167C82EB0067835D /* Set_ViewController.h */,
				DE7673BF167C82EB0067835D /* Set_ViewController.m */,
				DE7673C0167C82EB0067835D /* Set.h */,
				DE7673C1167C82EB0067835D /* SharedCMManager.h */,
				DE7673C2167C82EB0067835D /* SharedCMManager.m */,
				DE7673C3167C82EB0067835D /* SoundPickerView.xib */,
				DE7673C4167C82EB0067835D /* SoundPickerViewController.xib */,
				DE7673C5167C82EB0067835D /* Storyboard.storyboard */,
				DE7673C6167C82EB0067835D /* UnitConverterViewController.h */,
				DE7673C7167C82EB0067835D /* UnitConverterViewController.m */,
				DE76738E167C81680067835D /* AccelSensorViewController.h */,
				DE76738F167C81680067835D /* AccelSensorViewController.m */,
				DE767390167C81680067835D /* Default-568h@2x.png */,
				DE767391167C81680067835D /* Default.png */,
				DE767392167C81680067835D /* Default@2x.png */,
				DE767393167C81680067835D /* InfoPlist.strings */,
				DE767395167C81680067835D /* MainStoryboard_iPad.storyboard */,
				DE767397167C81680067835D /* MainStoryboard_iPhone.storyboard */,
				DE767399167C81680067835D /* main.m */,
				DE76739A167C81680067835D /* SensorManager-Info.plist */,
				DE76739B167C81680067835D /* SensorManager-Prefix.pch */,
				DE76739C167C81680067835D /* Set_AppDelegate.h */,
				DE76739D167C81680067835D /* Set_AppDelegate.m */,
				DE76739E167C81680067835D /* Set_SensorPickersProtocol.h */,
				DE76739F167C81680067835D /* Set_ViewController.h */,
				DE7673A0167C81680067835D /* Set_ViewController.m */,
				DE7673A1167C81680067835D /* SharedCMManager.h */,
				DE7673A2167C81680067835D /* SharedCMManager.m */,
			);
			name = SensorManager;
			sourceTree = "<group>";
		};
		DE9E40381679FCBE00311590 /* PROTOCOLS */ = {
			isa = PBXGroup;
			children = (
				DE3D6EA51679D2F300F5BFA8 /* Set_SensorPickersProtocol.h */,
			);
			name = PROTOCOLS;
			sourceTree = "<group>";
		};
/* End PBXGroup section */

/* Begin PBXNativeTarget section */
		DE3D6E5D1679CA1C00F5BFA8 /* SensorManager */ = {
			isa = PBXNativeTarget;
			buildConfigurationList = DE3D6E9A1679CA1D00F5BFA8 /* Build configuration list for PBXNativeTarget "SensorManager" */;
			buildPhases = (
				DE3D6E5A1679CA1C00F5BFA8 /* Sources */,
				DE3D6E5B1679CA1C00F5BFA8 /* Frameworks */,
				DE3D6E5C1679CA1C00F5BFA8 /* Resources */,
			);
			buildRules = (
			);
			dependencies = (
			);
			name = SensorManager;
			productName = SensorManager;
			productReference = DE3D6E5E1679CA1C00F5BFA8 /* SensorManager.app */;
			productType = "com.apple.product-type.application";
		};
		DE3D6E871679CA1D00F5BFA8 /* SensorManagerTests */ = {
			isa = PBXNativeTarget;
			buildConfigurationList = DE3D6E9D1679CA1D00F5BFA8 /* Build configuration list for PBXNativeTarget "SensorManagerTests" */;
			buildPhases = (
				DE3D6E831679CA1D00F5BFA8 /* Sources */,
				DE3D6E841679CA1D00F5BFA8 /* Frameworks */,
				DE3D6E851679CA1D00F5BFA8 /* Resources */,
				DE3D6E861679CA1D00F5BFA8 /* ShellScript */,
			);
			buildRules = (
			);
			dependencies = (
				DE3D6E8E1679CA1D00F5BFA8 /* PBXTargetDependency */,
			);
			name = SensorManagerTests;
			productName = SensorManagerTests;
			productReference = DE3D6E881679CA1D00F5BFA8 /* SensorManagerTests.octest */;
			productType = "com.apple.product-type.bundle";
		};
/* End PBXNativeTarget section */

/* Begin PBXProject section */
		DE3D6E551679CA1C00F5BFA8 /* Project object */ = {
			isa = PBXProject;
			attributes = {
				CLASSPREFIX = Set_;
				LastUpgradeCheck = 0450;
				ORGANIZATIONNAME = "Set Minami";
			};
			buildConfigurationList = DE3D6E581679CA1C00F5BFA8 /* Build configuration list for PBXProject "SensorManager" */;
			compatibilityVersion = "Xcode 3.2";
			developmentRegion = English;
			hasScannedForEncodings = 0;
			knownRegions = (
				en,
			);
			mainGroup = DE3D6E531679CA1C00F5BFA8;
			productRefGroup = DE3D6E5F1679CA1C00F5BFA8 /* Products */;
			projectDirPath = "";
			projectRoot = "";
			targets = (
				DE3D6E5D1679CA1C00F5BFA8 /* SensorManager */,
				DE3D6E871679CA1D00F5BFA8 /* SensorManagerTests */,
			);
		};
/* End PBXProject section */

/* Begin PBXResourcesBuildPhase section */
		DE3D6E5C1679CA1C00F5BFA8 /* Resources */ = {
			isa = PBXResourcesBuildPhase;
			buildActionMask = 2147483647;
			files = (
				DE3D6E6D1679CA1C00F5BFA8 /* InfoPlist.strings in Resources */,
				DE3D6E751679CA1D00F5BFA8 /* Default.png in Resources */,
				DE3D6E771679CA1D00F5BFA8 /* Default@2x.png in Resources */,
				DE3D6E791679CA1D00F5BFA8 /* Default-568h@2x.png in Resources */,
				DE3D6E7C1679CA1D00F5BFA8 /* MainStoryboard_iPhone.storyboard in Resources */,
				DE3D6E7F1679CA1D00F5BFA8 /* MainStoryboard_iPad.storyboard in Resources */,
				DE7673A4167C81680067835D /* Default-568h@2x.png in Resources */,
				DE7673A5167C81680067835D /* Default.png in Resources */,
				DE7673A6167C81680067835D /* Default@2x.png in Resources */,
				DE7673A7167C81680067835D /* InfoPlist.strings in Resources */,
				DE7673A8167C81680067835D /* MainStoryboard_iPad.storyboard in Resources */,
				DE7673A9167C81680067835D /* MainStoryboard_iPhone.storyboard in Resources */,
				DE7673AB167C81680067835D /* SensorManager-Info.plist in Resources */,
				DE7673C9167C82EB0067835D /* Default-568h@2x.png in Resources */,
				DE7673CA167C82EB0067835D /* Default.png in Resources */,
				DE7673CB167C82EB0067835D /* Default@2x.png in Resources */,
				DE7673CC167C82EB0067835D /* Empty.xib in Resources */,
				DE7673CD167C82EB0067835D /* InfoPlist.strings in Resources */,
				DE7673CF167C82EB0067835D /* MainStoryboard_iPad.storyboard in Resources */,
				DE7673D0167C82EB0067835D /* MainStoryboard_iPhone.storyboard in Resources */,
				DE7673D1167C82EB0067835D /* SensorManager-Info.plist in Resources */,
				DE7673D5167C82EB0067835D /* SoundPickerView.xib in Resources */,
				DE7673D6167C82EB0067835D /* SoundPickerViewController.xib in Resources */,
				DE7673D7167C82EB0067835D /* Storyboard.storyboard in Resources */,
			);
			runOnlyForDeploymentPostprocessing = 0;
		};
		DE3D6E851679CA1D00F5BFA8 /* Resources */ = {
			isa = PBXResourcesBuildPhase;
			buildActionMask = 2147483647;
			files = (
				DE3D6E941679CA1D00F5BFA8 /* InfoPlist.strings in Resources */,
			);
			runOnlyForDeploymentPostprocessing = 0;
		};
/* End PBXResourcesBuildPhase section */

/* Begin PBXShellScriptBuildPhase section */
		DE3D6E861679CA1D00F5BFA8 /* ShellScript */ = {
			isa = PBXShellScriptBuildPhase;
			buildActionMask = 2147483647;
			files = (
			);
			inputPaths = (
			);
			outputPaths = (
			);
			runOnlyForDeploymentPostprocessing = 0;
			shellPath = /bin/sh;
			shellScript = "# Run the unit tests in this test bundle.\n\"${SYSTEM_DEVELOPER_DIR}/Tools/RunUnitTests\"\n";
		};
/* End PBXShellScriptBuildPhase section */

/* Begin PBXSourcesBuildPhase section */
		DE3D6E5A1679CA1C00F5BFA8 /* Sources */ = {
			isa = PBXSourcesBuildPhase;
			buildActionMask = 2147483647;
			files = (
				DE3D6E6F1679CA1C00F5BFA8 /* main.m in Sources */,
				DE3D6E731679CA1C00F5BFA8 /* Set_AppDelegate.m in Sources */,
				DE3D6E821679CA1D00F5BFA8 /* Set_ViewController.m in Sources */,
				DE3D6EA21679CA7200F5BFA8 /* SoundPicker.m in Sources */,
				DE3D6EA81679E6DC00F5BFA8 /* AccelSensorViewController.m in Sources */,
				DE3D6EAD1679EC6100F5BFA8 /* SharedCMManager.m in Sources */,
				DE7673A3167C81680067835D /* AccelSensorViewController.m in Sources */,
				DE7673AA167C81680067835D /* main.m in Sources */,
				DE7673AC167C81680067835D /* Set_AppDelegate.m in Sources */,
				DE7673AD167C81680067835D /* Set_ViewController.m in Sources */,
				DE7673AE167C81680067835D /* SharedCMManager.m in Sources */,
				DE7673C8167C82EB0067835D /* AccelSensorViewController.m in Sources */,
				DE7673CE167C82EB0067835D /* main.m in Sources */,
				DE7673D2167C82EB0067835D /* Set_AppDelegate.m in Sources */,
				DE7673D3167C82EB0067835D /* Set_ViewController.m in Sources */,
				DE7673D4167C82EB0067835D /* SharedCMManager.m in Sources */,
				DE7673D8167C82EB0067835D /* UnitConverterViewController.m in Sources */,
			);
			runOnlyForDeploymentPostprocessing = 0;
		};
		DE3D6E831679CA1D00F5BFA8 /* Sources */ = {
			isa = PBXSourcesBuildPhase;
			buildActionMask = 2147483647;
			files = (
				DE3D6E971679CA1D00F5BFA8 /* SensorManagerTests.m in Sources */,
			);
			runOnlyForDeploymentPostprocessing = 0;
		};
/* End PBXSourcesBuildPhase section */

/* Begin PBXTargetDependency section */
		DE3D6E8E1679CA1D00F5BFA8 /* PBXTargetDependency */ = {
			isa = PBXTargetDependency;
			target = DE3D6E5D1679CA1C00F5BFA8 /* SensorManager */;
			targetProxy = DE3D6E8D1679CA1D00F5BFA8 /* PBXContainerItemProxy */;
		};
/* End PBXTargetDependency section */

/* Begin PBXVariantGroup section */
		DE3D6E6B1679CA1C00F5BFA8 /* InfoPlist.strings */ = {
			isa = PBXVariantGroup;
			children = (
				DE3D6E6C1679CA1C00F5BFA8 /* en */,
			);
			name = InfoPlist.strings;
			sourceTree = "<group>";
		};
		DE3D6E7A1679CA1D00F5BFA8 /* MainStoryboard_iPhone.storyboard */ = {
			isa = PBXVariantGroup;
			children = (
				DE3D6E7B1679CA1D00F5BFA8 /* en */,
			);
			name = MainStoryboard_iPhone.storyboard;
			sourceTree = "<group>";
		};
		DE3D6E7D1679CA1D00F5BFA8 /* MainStoryboard_iPad.storyboard */ = {
			isa = PBXVariantGroup;
			children = (
				DE3D6E7E1679CA1D00F5BFA8 /* en */,
			);
			name = MainStoryboard_iPad.storyboard;
			sourceTree = "<group>";
		};
		DE3D6E921679CA1D00F5BFA8 /* InfoPlist.strings */ = {
			isa = PBXVariantGroup;
			children = (
				DE3D6E931679CA1D00F5BFA8 /* en */,
			);
			name = InfoPlist.strings;
			sourceTree = "<group>";
		};
		DE767393167C81680067835D /* InfoPlist.strings */ = {
			isa = PBXVariantGroup;
			children = (
				DE767394167C81680067835D /* en */,
			);
			name = InfoPlist.strings;
			sourceTree = "<group>";
		};
		DE767395167C81680067835D /* MainStoryboard_iPad.storyboard */ = {
			isa = PBXVariantGroup;
			children = (
				DE767396167C81680067835D /* en */,
			);
			name = MainStoryboard_iPad.storyboard;
			sourceTree = "<group>";
		};
		DE767397167C81680067835D /* MainStoryboard_iPhone.storyboard */ = {
			isa = PBXVariantGroup;
			children = (
				DE767398167C81680067835D /* en */,
			);
			name = MainStoryboard_iPhone.storyboard;
			sourceTree = "<group>";
		};
/* End PBXVariantGroup section */

/* Begin XCBuildConfiguration section */
		DE3D6E981679CA1D00F5BFA8 /* Debug */ = {
			isa = XCBuildConfiguration;
			buildSettings = {
				ALWAYS_SEARCH_USER_PATHS = NO;
				CLANG_CXX_LANGUAGE_STANDARD = "gnu++0x";
				CLANG_CXX_LIBRARY = "libc++";
				CLANG_ENABLE_OBJC_ARC = YES;
				CLANG_WARN_EMPTY_BODY = YES;
				CLANG_WARN__DUPLICATE_METHOD_MATCH = YES;
				"CODE_SIGN_IDENTITY[sdk=iphoneos*]" = "iPhone Developer";
				COPY_PHASE_STRIP = NO;
				GCC_C_LANGUAGE_STANDARD = gnu99;
				GCC_DYNAMIC_NO_PIC = NO;
				GCC_OPTIMIZATION_LEVEL = 0;
				GCC_PREPROCESSOR_DEFINITIONS = (
					"DEBUG=1",
					"$(inherited)",
				);
				GCC_SYMBOLS_PRIVATE_EXTERN = NO;
				GCC_WARN_ABOUT_RETURN_TYPE = YES;
				GCC_WARN_UNINITIALIZED_AUTOS = YES;
				GCC_WARN_UNUSED_VARIABLE = YES;
				IPHONEOS_DEPLOYMENT_TARGET = 6.0;
				ONLY_ACTIVE_ARCH = YES;
				SDKROOT = iphoneos;
				TARGETED_DEVICE_FAMILY = "1,2";
			};
			name = Debug;
		};
		DE3D6E991679CA1D00F5BFA8 /* Release */ = {
			isa = XCBuildConfiguration;
			buildSettings = {
				ALWAYS_SEARCH_USER_PATHS = NO;
				CLANG_CXX_LANGUAGE_STANDARD = "gnu++0x";
				CLANG_CXX_LIBRARY = "libc++";
				CLANG_ENABLE_OBJC_ARC = YES;
				CLANG_WARN_EMPTY_BODY = YES;
				CLANG_WARN__DUPLICATE_METHOD_MATCH = YES;
				"CODE_SIGN_IDENTITY[sdk=iphoneos*]" = "iPhone Developer";
				COPY_PHASE_STRIP = YES;
				GCC_C_LANGUAGE_STANDARD = gnu99;
				GCC_WARN_ABOUT_RETURN_TYPE = YES;
				GCC_WARN_UNINITIALIZED_AUTOS = YES;
				GCC_WARN_UNUSED_VARIABLE = YES;
				IPHONEOS_DEPLOYMENT_TARGET = 6.0;
				OTHER_CFLAGS = "-DNS_BLOCK_ASSERTIONS=1";
				SDKROOT = iphoneos;
				TARGETED_DEVICE_FAMILY = "1,2";
				VALIDATE_PRODUCT = YES;
			};
			name = Release;
		};
		DE3D6E9B1679CA1D00F5BFA8 /* Debug */ = {
			isa = XCBuildConfiguration;
			buildSettings = {
				GCC_PRECOMPILE_PREFIX_HEADER = YES;
				GCC_PREFIX_HEADER = "SensorManager/SensorManager-Prefix.pch";
				INFOPLIST_FILE = "SensorManager/SensorManager-Info.plist";
				PRODUCT_NAME = "$(TARGET_NAME)";
				WRAPPER_EXTENSION = app;
			};
			name = Debug;
		};
		DE3D6E9C1679CA1D00F5BFA8 /* Release */ = {
			isa = XCBuildConfiguration;
			buildSettings = {
				GCC_PRECOMPILE_PREFIX_HEADER = YES;
				GCC_PREFIX_HEADER = "SensorManager/SensorManager-Prefix.pch";
				INFOPLIST_FILE = "SensorManager/SensorManager-Info.plist";
				PRODUCT_NAME = "$(TARGET_NAME)";
				WRAPPER_EXTENSION = app;
			};
			name = Release;
		};
		DE3D6E9E1679CA1D00F5BFA8 /* Debug */ = {
			isa = XCBuildConfiguration;
			buildSettings = {
				BUNDLE_LOADER = "$(BUILT_PRODUCTS_DIR)/SensorManager.app/SensorManager";
				FRAMEWORK_SEARCH_PATHS = (
					"\"$(SDKROOT)/Developer/Library/Frameworks\"",
					"\"$(DEVELOPER_LIBRARY_DIR)/Frameworks\"",
				);
				GCC_PRECOMPILE_PREFIX_HEADER = YES;
				GCC_PREFIX_HEADER = "SensorManager/SensorManager-Prefix.pch";
				INFOPLIST_FILE = "SensorManagerTests/SensorManagerTests-Info.plist";
				PRODUCT_NAME = "$(TARGET_NAME)";
				TEST_HOST = "$(BUNDLE_LOADER)";
				WRAPPER_EXTENSION = octest;
			};
			name = Debug;
		};
		DE3D6E9F1679CA1D00F5BFA8 /* Release */ = {
			isa = XCBuildConfiguration;
			buildSettings = {
				BUNDLE_LOADER = "$(BUILT_PRODUCTS_DIR)/SensorManager.app/SensorManager";
				FRAMEWORK_SEARCH_PATHS = (
					"\"$(SDKROOT)/Developer/Library/Frameworks\"",
					"\"$(DEVELOPER_LIBRARY_DIR)/Frameworks\"",
				);
				GCC_PRECOMPILE_PREFIX_HEADER = YES;
				GCC_PREFIX_HEADER = "SensorManager/SensorManager-Prefix.pch";
				INFOPLIST_FILE = "SensorManagerTests/SensorManagerTests-Info.plist";
				PRODUCT_NAME = "$(TARGET_NAME)";
				TEST_HOST = "$(BUNDLE_LOADER)";
				WRAPPER_EXTENSION = octest;
			};
			name = Release;
		};
/* End XCBuildConfiguration section */

/* Begin XCConfigurationList section */
		DE3D6E581679CA1C00F5BFA8 /* Build configuration list for PBXProject "SensorManager" */ = {
			isa = XCConfigurationList;
			buildConfigurations = (
				DE3D6E981679CA1D00F5BFA8 /* Debug */,
				DE3D6E991679CA1D00F5BFA8 /* Release */,
			);
			defaultConfigurationIsVisible = 0;
			defaultConfigurationName = Release;
		};
		DE3D6E9A1679CA1D00F5BFA8 /* Build configuration list for PBXNativeTarget "SensorManager" */ = {
			isa = XCConfigurationList;
			buildConfigurations = (
				DE3D6E9B1679CA1D00F5BFA8 /* Debug */,
				DE3D6E9C1679CA1D00F5BFA8 /* Release */,
			);
			defaultConfigurationIsVisible = 0;
			defaultConfigurationName = Release;
		};
		DE3D6E9D1679CA1D00F5BFA8 /* Build configuration list for PBXNativeTarget "SensorManagerTests" */ = {
			isa = XCConfigurationList;
			buildConfigurations = (
				DE3D6E9E1679CA1D00F5BFA8 /* Debug */,
				DE3D6E9F1679CA1D00F5BFA8 /* Release */,
			);
			defaultConfigurationIsVisible = 0;
			defaultConfigurationName = Release;
		};
/* End XCConfigurationList section */
	};
	rootObject = DE3D6E551679CA1C00F5BFA8 /* Project object */;
}
