// !$*UTF8*$!
{
	archiveVersion = 1;
	classes = {
	};
	objectVersion = 46;
	objects = {

/* Begin PBXBuildFile section */
		DEB51F9416760A1000402EC1 /* UIKit.framework in Frameworks */ = {isa = PBXBuildFile; fileRef = DEB51F9316760A1000402EC1 /* UIKit.framework */; };
		DEB51F9616760A1000402EC1 /* Foundation.framework in Frameworks */ = {isa = PBXBuildFile; fileRef = DEB51F9516760A1000402EC1 /* Foundation.framework */; };
		DEB51F9816760A1000402EC1 /* CoreGraphics.framework in Frameworks */ = {isa = PBXBuildFile; fileRef = DEB51F9716760A1000402EC1 /* CoreGraphics.framework */; };
		DEB51F9E16760A1000402EC1 /* InfoPlist.strings in Resources */ = {isa = PBXBuildFile; fileRef = DEB51F9C16760A1000402EC1 /* InfoPlist.strings */; };
		DEB51FA016760A1000402EC1 /* main.m in Sources */ = {isa = PBXBuildFile; fileRef = DEB51F9F16760A1000402EC1 /* main.m */; };
		DEB51FA416760A1000402EC1 /* Set_AppDelegate.m in Sources */ = {isa = PBXBuildFile; fileRef = DEB51FA316760A1000402EC1 /* Set_AppDelegate.m */; };
		DEB51FA616760A1000402EC1 /* Default.png in Resources */ = {isa = PBXBuildFile; fileRef = DEB51FA516760A1000402EC1 /* Default.png */; };
		DEB51FA816760A1000402EC1 /* Default@2x.png in Resources */ = {isa = PBXBuildFile; fileRef = DEB51FA716760A1000402EC1 /* Default@2x.png */; };
		DEB51FAA16760A1000402EC1 /* Default-568h@2x.png in Resources */ = {isa = PBXBuildFile; fileRef = DEB51FA916760A1000402EC1 /* Default-568h@2x.png */; };
		DEB51FAD16760A1000402EC1 /* MainStoryboard_iPhone.storyboard in Resources */ = {isa = PBXBuildFile; fileRef = DEB51FAB16760A1000402EC1 /* MainStoryboard_iPhone.storyboard */; };
		DEB51FB016760A1000402EC1 /* MainStoryboard_iPad.storyboard in Resources */ = {isa = PBXBuildFile; fileRef = DEB51FAE16760A1000402EC1 /* MainStoryboard_iPad.storyboard */; };
		DEB51FB316760A1000402EC1 /* Set_ViewController.m in Sources */ = {isa = PBXBuildFile; fileRef = DEB51FB216760A1000402EC1 /* Set_ViewController.m */; };
/* End PBXBuildFile section */

/* Begin PBXFileReference section */
		DEB51F8F16760A1000402EC1 /* UnitConverter2.app */ = {isa = PBXFileReference; explicitFileType = wrapper.application; includeInIndex = 0; path = UnitConverter2.app; sourceTree = BUILT_PRODUCTS_DIR; };
		DEB51F9316760A1000402EC1 /* UIKit.framework */ = {isa = PBXFileReference; lastKnownFileType = wrapper.framework; name = UIKit.framework; path = System/Library/Frameworks/UIKit.framework; sourceTree = SDKROOT; };
		DEB51F9516760A1000402EC1 /* Foundation.framework */ = {isa = PBXFileReference; lastKnownFileType = wrapper.framework; name = Foundation.framework; path = System/Library/Frameworks/Foundation.framework; sourceTree = SDKROOT; };
		DEB51F9716760A1000402EC1 /* CoreGraphics.framework */ = {isa = PBXFileReference; lastKnownFileType = wrapper.framework; name = CoreGraphics.framework; path = System/Library/Frameworks/CoreGraphics.framework; sourceTree = SDKROOT; };
		DEB51F9B16760A1000402EC1 /* UnitConverter2-Info.plist */ = {isa = PBXFileReference; lastKnownFileType = text.plist.xml; path = "UnitConverter2-Info.plist"; sourceTree = "<group>"; };
		DEB51F9D16760A1000402EC1 /* en */ = {isa = PBXFileReference; lastKnownFileType = text.plist.strings; name = en; path = en.lproj/InfoPlist.strings; sourceTree = "<group>"; };
		DEB51F9F16760A1000402EC1 /* main.m */ = {isa = PBXFileReference; lastKnownFileType = sourcecode.c.objc; path = main.m; sourceTree = "<group>"; };
		DEB51FA116760A1000402EC1 /* UnitConverter2-Prefix.pch */ = {isa = PBXFileReference; lastKnownFileType = sourcecode.c.h; path = "UnitConverter2-Prefix.pch"; sourceTree = "<group>"; };
		DEB51FA216760A1000402EC1 /* Set_AppDelegate.h */ = {isa = PBXFileReference; lastKnownFileType = sourcecode.c.h; path = Set_AppDelegate.h; sourceTree = "<group>"; };
		DEB51FA316760A1000402EC1 /* Set_AppDelegate.m */ = {isa = PBXFileReference; lastKnownFileType = sourcecode.c.objc; path = Set_AppDelegate.m; sourceTree = "<group>"; };
		DEB51FA516760A1000402EC1 /* Default.png */ = {isa = PBXFileReference; lastKnownFileType = image.png; path = Default.png; sourceTree = "<group>"; };
		DEB51FA716760A1000402EC1 /* Default@2x.png */ = {isa = PBXFileReference; lastKnownFileType = image.png; path = "Default@2x.png"; sourceTree = "<group>"; };
		DEB51FA916760A1000402EC1 /* Default-568h@2x.png */ = {isa = PBXFileReference; lastKnownFileType = image.png; path = "Default-568h@2x.png"; sourceTree = "<group>"; };
		DEB51FAC16760A1000402EC1 /* en */ = {isa = PBXFileReference; lastKnownFileType = file.storyboard; name = en; path = en.lproj/MainStoryboard_iPhone.storyboard; sourceTree = "<group>"; };
		DEB51FAF16760A1000402EC1 /* en */ = {isa = PBXFileReference; lastKnownFileType = file.storyboard; name = en; path = en.lproj/MainStoryboard_iPad.storyboard; sourceTree = "<group>"; };
		DEB51FB116760A1000402EC1 /* Set_ViewController.h */ = {isa = PBXFileReference; lastKnownFileType = sourcecode.c.h; path = Set_ViewController.h; sourceTree = "<group>"; };
		DEB51FB216760A1000402EC1 /* Set_ViewController.m */ = {isa = PBXFileReference; lastKnownFileType = sourcecode.c.objc; path = Set_ViewController.m; sourceTree = "<group>"; };
/* End PBXFileReference section */

/* Begin PBXFrameworksBuildPhase section */
		DEB51F8C16760A0F00402EC1 /* Frameworks */ = {
			isa = PBXFrameworksBuildPhase;
			buildActionMask = 2147483647;
			files = (
				DEB51F9416760A1000402EC1 /* UIKit.framework in Frameworks */,
				DEB51F9616760A1000402EC1 /* Foundation.framework in Frameworks */,
				DEB51F9816760A1000402EC1 /* CoreGraphics.framework in Frameworks */,
			);
			runOnlyForDeploymentPostprocessing = 0;
		};
/* End PBXFrameworksBuildPhase section */

/* Begin PBXGroup section */
		DEB51F8416760A0F00402EC1 = {
			isa = PBXGroup;
			children = (
				DEB51F9916760A1000402EC1 /* UnitConverter2 */,
				DEB51F9216760A1000402EC1 /* Frameworks */,
				DEB51F9016760A1000402EC1 /* Products */,
			);
			sourceTree = "<group>";
		};
		DEB51F9016760A1000402EC1 /* Products */ = {
			isa = PBXGroup;
			children = (
				DEB51F8F16760A1000402EC1 /* UnitConverter2.app */,
			);
			name = Products;
			sourceTree = "<group>";
		};
		DEB51F9216760A1000402EC1 /* Frameworks */ = {
			isa = PBXGroup;
			children = (
				DEB51F9316760A1000402EC1 /* UIKit.framework */,
				DEB51F9516760A1000402EC1 /* Foundation.framework */,
				DEB51F9716760A1000402EC1 /* CoreGraphics.framework */,
			);
			name = Frameworks;
			sourceTree = "<group>";
		};
		DEB51F9916760A1000402EC1 /* UnitConverter2 */ = {
			isa = PBXGroup;
			children = (
				DEB51FA216760A1000402EC1 /* Set_AppDelegate.h */,
				DEB51FA316760A1000402EC1 /* Set_AppDelegate.m */,
				DEB51FAB16760A1000402EC1 /* MainStoryboard_iPhone.storyboard */,
				DEB51FAE16760A1000402EC1 /* MainStoryboard_iPad.storyboard */,
				DEB51FB116760A1000402EC1 /* Set_ViewController.h */,
				DEB51FB216760A1000402EC1 /* Set_ViewController.m */,
				DEB51F9A16760A1000402EC1 /* Supporting Files */,
			);
			path = UnitConverter2;
			sourceTree = "<group>";
		};
		DEB51F9A16760A1000402EC1 /* Supporting Files */ = {
			isa = PBXGroup;
			children = (
				DEB51F9B16760A1000402EC1 /* UnitConverter2-Info.plist */,
				DEB51F9C16760A1000402EC1 /* InfoPlist.strings */,
				DEB51F9F16760A1000402EC1 /* main.m */,
				DEB51FA116760A1000402EC1 /* UnitConverter2-Prefix.pch */,
				DEB51FA516760A1000402EC1 /* Default.png */,
				DEB51FA716760A1000402EC1 /* Default@2x.png */,
				DEB51FA916760A1000402EC1 /* Default-568h@2x.png */,
			);
			name = "Supporting Files";
			sourceTree = "<group>";
		};
/* End PBXGroup section */

/* Begin PBXNativeTarget section */
		DEB51F8E16760A0F00402EC1 /* UnitConverter2 */ = {
			isa = PBXNativeTarget;
			buildConfigurationList = DEB51FB616760A1000402EC1 /* Build configuration list for PBXNativeTarget "UnitConverter2" */;
			buildPhases = (
				DEB51F8B16760A0F00402EC1 /* Sources */,
				DEB51F8C16760A0F00402EC1 /* Frameworks */,
				DEB51F8D16760A0F00402EC1 /* Resources */,
			);
			buildRules = (
			);
			dependencies = (
			);
			name = UnitConverter2;
			productName = UnitConverter2;
			productReference = DEB51F8F16760A1000402EC1 /* UnitConverter2.app */;
			productType = "com.apple.product-type.application";
		};
/* End PBXNativeTarget section */

/* Begin PBXProject section */
		DEB51F8616760A0F00402EC1 /* Project object */ = {
			isa = PBXProject;
			attributes = {
				CLASSPREFIX = Set_;
				LastUpgradeCheck = 0450;
				ORGANIZATIONNAME = "Set Minami";
			};
			buildConfigurationList = DEB51F8916760A0F00402EC1 /* Build configuration list for PBXProject "UnitConverter2" */;
			compatibilityVersion = "Xcode 3.2";
			developmentRegion = English;
			hasScannedForEncodings = 0;
			knownRegions = (
				en,
			);
			mainGroup = DEB51F8416760A0F00402EC1;
			productRefGroup = DEB51F9016760A1000402EC1 /* Products */;
			projectDirPath = "";
			projectRoot = "";
			targets = (
				DEB51F8E16760A0F00402EC1 /* UnitConverter2 */,
			);
		};
/* End PBXProject section */

/* Begin PBXResourcesBuildPhase section */
		DEB51F8D16760A0F00402EC1 /* Resources */ = {
			isa = PBXResourcesBuildPhase;
			buildActionMask = 2147483647;
			files = (
				DEB51F9E16760A1000402EC1 /* InfoPlist.strings in Resources */,
				DEB51FA616760A1000402EC1 /* Default.png in Resources */,
				DEB51FA816760A1000402EC1 /* Default@2x.png in Resources */,
				DEB51FAA16760A1000402EC1 /* Default-568h@2x.png in Resources */,
				DEB51FAD16760A1000402EC1 /* MainStoryboard_iPhone.storyboard in Resources */,
				DEB51FB016760A1000402EC1 /* MainStoryboard_iPad.storyboard in Resources */,
			);
			runOnlyForDeploymentPostprocessing = 0;
		};
/* End PBXResourcesBuildPhase section */

/* Begin PBXSourcesBuildPhase section */
		DEB51F8B16760A0F00402EC1 /* Sources */ = {
			isa = PBXSourcesBuildPhase;
			buildActionMask = 2147483647;
			files = (
				DEB51FA016760A1000402EC1 /* main.m in Sources */,
				DEB51FA416760A1000402EC1 /* Set_AppDelegate.m in Sources */,
				DEB51FB316760A1000402EC1 /* Set_ViewController.m in Sources */,
			);
			runOnlyForDeploymentPostprocessing = 0;
		};
/* End PBXSourcesBuildPhase section */

/* Begin PBXVariantGroup section */
		DEB51F9C16760A1000402EC1 /* InfoPlist.strings */ = {
			isa = PBXVariantGroup;
			children = (
				DEB51F9D16760A1000402EC1 /* en */,
			);
			name = InfoPlist.strings;
			sourceTree = "<group>";
		};
		DEB51FAB16760A1000402EC1 /* MainStoryboard_iPhone.storyboard */ = {
			isa = PBXVariantGroup;
			children = (
				DEB51FAC16760A1000402EC1 /* en */,
			);
			name = MainStoryboard_iPhone.storyboard;
			sourceTree = "<group>";
		};
		DEB51FAE16760A1000402EC1 /* MainStoryboard_iPad.storyboard */ = {
			isa = PBXVariantGroup;
			children = (
				DEB51FAF16760A1000402EC1 /* en */,
			);
			name = MainStoryboard_iPad.storyboard;
			sourceTree = "<group>";
		};
/* End PBXVariantGroup section */

/* Begin XCBuildConfiguration section */
		DEB51FB416760A1000402EC1 /* Debug */ = {
			isa = XCBuildConfiguration;
			buildSettings = {
				ALWAYS_SEARCH_USER_PATHS = NO;
				CLANG_CXX_LANGUAGE_STANDARD = "gnu++0x";
				CLANG_CXX_LIBRARY = "libc++";
				CLANG_WARN_EMPTY_BODY = YES;
				CLANG_WARN__DUPLICATE_METHOD_MATCH = YES;
				"CODE_SIGN_IDENTITY[sdk=iphoneos*]" = "iPhone Developer";
				COPY_PHASE_STRIP = NO;
				GCC_C_LANGUAGE_STANDARD = gnu99;
				GCC_DYNAMIC_NO_PIC = NO;
				GCC_OPTIMIZATION_LEVEL = 0;
				GCC_PREPROCESSOR_DEFINITIONS = (
					"DEBUG=1",
					"$(inherited)",
				);
				GCC_SYMBOLS_PRIVATE_EXTERN = NO;
				GCC_WARN_ABOUT_RETURN_TYPE = YES;
				GCC_WARN_UNINITIALIZED_AUTOS = YES;
				GCC_WARN_UNUSED_VARIABLE = YES;
				IPHONEOS_DEPLOYMENT_TARGET = 6.0;
				ONLY_ACTIVE_ARCH = YES;
				SDKROOT = iphoneos;
				TARGETED_DEVICE_FAMILY = "1,2";
			};
			name = Debug;
		};
		DEB51FB516760A1000402EC1 /* Release */ = {
			isa = XCBuildConfiguration;
			buildSettings = {
				ALWAYS_SEARCH_USER_PATHS = NO;
				CLANG_CXX_LANGUAGE_STANDARD = "gnu++0x";
				CLANG_CXX_LIBRARY = "libc++";
				CLANG_WARN_EMPTY_BODY = YES;
				CLANG_WARN__DUPLICATE_METHOD_MATCH = YES;
				"CODE_SIGN_IDENTITY[sdk=iphoneos*]" = "iPhone Developer";
				COPY_PHASE_STRIP = YES;
				GCC_C_LANGUAGE_STANDARD = gnu99;
				GCC_WARN_ABOUT_RETURN_TYPE = YES;
				GCC_WARN_UNINITIALIZED_AUTOS = YES;
				GCC_WARN_UNUSED_VARIABLE = YES;
				IPHONEOS_DEPLOYMENT_TARGET = 6.0;
				OTHER_CFLAGS = "-DNS_BLOCK_ASSERTIONS=1";
				SDKROOT = iphoneos;
				TARGETED_DEVICE_FAMILY = "1,2";
				VALIDATE_PRODUCT = YES;
			};
			name = Release;
		};
		DEB51FB716760A1000402EC1 /* Debug */ = {
			isa = XCBuildConfiguration;
			buildSettings = {
				GCC_PRECOMPILE_PREFIX_HEADER = YES;
				GCC_PREFIX_HEADER = "UnitConverter2/UnitConverter2-Prefix.pch";
				INFOPLIST_FILE = "UnitConverter2/UnitConverter2-Info.plist";
				PRODUCT_NAME = "$(TARGET_NAME)";
				WRAPPER_EXTENSION = app;
			};
			name = Debug;
		};
		DEB51FB816760A1000402EC1 /* Release */ = {
			isa = XCBuildConfiguration;
			buildSettings = {
				GCC_PRECOMPILE_PREFIX_HEADER = YES;
				GCC_PREFIX_HEADER = "UnitConverter2/UnitConverter2-Prefix.pch";
				INFOPLIST_FILE = "UnitConverter2/UnitConverter2-Info.plist";
				PRODUCT_NAME = "$(TARGET_NAME)";
				WRAPPER_EXTENSION = app;
			};
			name = Release;
		};
/* End XCBuildConfiguration section */

/* Begin XCConfigurationList section */
		DEB51F8916760A0F00402EC1 /* Build configuration list for PBXProject "UnitConverter2" */ = {
			isa = XCConfigurationList;
			buildConfigurations = (
				DEB51FB416760A1000402EC1 /* Debug */,
				DEB51FB516760A1000402EC1 /* Release */,
			);
			defaultConfigurationIsVisible = 0;
			defaultConfigurationName = Release;
		};
		DEB51FB616760A1000402EC1 /* Build configuration list for PBXNativeTarget "UnitConverter2" */ = {
			isa = XCConfigurationList;
			buildConfigurations = (
				DEB51FB716760A1000402EC1 /* Debug */,
				DEB51FB816760A1000402EC1 /* Release */,
			);
			defaultConfigurationIsVisible = 0;
			defaultConfigurationName = Release;
		};
/* End XCConfigurationList section */
	};
	rootObject = DEB51F8616760A0F00402EC1 /* Project object */;
}
